
Microsoft Visual Studio Solution File, Format Version 12.00
# Visual Studio Version 16
VisualStudioVersion = 16.0.30330.147
MinimumVisualStudioVersion = 10.0.40219.1
Project("{FAE04EC0-301F-11D3-BF4B-00C04F79EFBC}") = "ConsoleAppServer", "ConsoleAppServer\ConsoleAppServer.csproj", "{B3CF0197-6FAD-4F1D-9D03-9C1D5A2349A1}"
EndProject
Project("{FAE04EC0-301F-11D3-BF4B-00C04F79EFBC}") = "ConsoleAppUdpServer", "ConsoleAppUdpServer\ConsoleAppUdpServer.csproj", "{F69B9459-C219-4213-9E53-97A6D569F7EE}"
EndProject
Project("{FAE04EC0-301F-11D3-BF4B-00C04F79EFBC}") = "DotKcp", "DotKcp\DotKcp.csproj", "{5C50039B-B864-4B3F-BD2F-1AA1F3E70A4F}"
EndProject
Project("{FAE04EC0-301F-11D3-BF4B-00C04F79EFBC}") = "ConsoleAppUdpClient", "ConsoleAppUdpClient\ConsoleAppUdpClient.csproj", "{D762A6E9-890C-4BC2-96E6-7342CEE32905}"
EndProject
Global
	GlobalSection(SolutionConfigurationPlatforms) = preSolution
		Debug|Any CPU = Debug|Any CPU
		Release|Any CPU = Release|Any CPU
	EndGlobalSection
	GlobalSection(ProjectConfigurationPlatforms) = postSolution
		{B3CF0197-6FAD-4F1D-9D03-9C1D5A2349A1}.Debug|Any CPU.ActiveCfg = Debug|Any CPU
		{B3CF0197-6FAD-4F1D-9D03-9C1D5A2349A1}.Debug|Any CPU.Build.0 = Debug|Any CPU
		{B3CF0197-6FAD-4F1D-9D03-9C1D5A2349A1}.Release|Any CPU.ActiveCfg = Release|Any CPU
		{B3CF0197-6FAD-4F1D-9D03-9C1D5A2349A1}.Release|Any CPU.Build.0 = Release|Any CPU
		{F69B9459-C219-4213-9E53-97A6D569F7EE}.Debug|Any CPU.ActiveCfg = Debug|Any CPU
		{F69B9459-C219-4213-9E53-97A6D569F7EE}.Debug|Any CPU.Build.0 = Debug|Any CPU
		{F69B9459-C219-4213-9E53-97A6D569F7EE}.Release|Any CPU.ActiveCfg = Release|Any CPU
		{F69B9459-C219-4213-9E53-97A6D569F7EE}.Release|Any CPU.Build.0 = Release|Any CPU
		{5C50039B-B864-4B3F-BD2F-1AA1F3E70A4F}.Debug|Any CPU.ActiveCfg = Debug|Any CPU
		{5C50039B-B864-4B3F-BD2F-1AA1F3E70A4F}.Debug|Any CPU.Build.0 = Debug|Any CPU
		{5C50039B-B864-4B3F-BD2F-1AA1F3E70A4F}.Release|Any CPU.ActiveCfg = Release|Any CPU
		{5C50039B-B864-4B3F-BD2F-1AA1F3E70A4F}.Release|Any CPU.Build.0 = Release|Any CPU
		{D762A6E9-890C-4BC2-96E6-7342CEE32905}.Debug|Any CPU.ActiveCfg = Debug|Any CPU
		{D762A6E9-890C-4BC2-96E6-7342CEE32905}.Debug|Any CPU.Build.0 = Debug|Any CPU
		{D762A6E9-890C-4BC2-96E6-7342CEE32905}.Release|Any CPU.ActiveCfg = Release|Any CPU
		{D762A6E9-890C-4BC2-96E6-7342CEE32905}.Release|Any CPU.Build.0 = Release|Any CPU
	EndGlobalSection
	GlobalSection(SolutionProperties) = preSolution
		HideSolutionNode = FALSE
	EndGlobalSection
	GlobalSection(ExtensibilityGlobals) = postSolution
		SolutionGuid = {66728C32-E6D3-4C05-B0D0-BEDD3C34DA25}
	EndGlobalSection
EndGlobal
